
Microsoft Visual Studio Solution File, Format Version 12.00
# Visual Studio 15
VisualStudioVersion = 15.0.27004.2002
MinimumVisualStudioVersion = 10.0.40219.1
Project("{8BC9CEB8-8B4A-11D0-8D11-00A0C91BC942}") = "asciiexp_2012", "ANSI\asciiexp_2012.vcxproj", "{86DA085A-A5EF-4BB2-B5DD-D1B0DBDF8D31}"
EndProject
Project("{8BC9CEB8-8B4A-11D0-8D11-00A0C91BC942}") = "asciiexp_2015", "UNICODE\asciiexp_2015.vcxproj", "{1E9DB1ED-72DB-422A-A0F0-59640295CA2D}"
EndProject
Global
	GlobalSection(SubversionScc) = preSolution
		Svn-Managed = True
		Manager = AnkhSVN - Subversion Support for Visual Studio
	EndGlobalSection
	GlobalSection(SolutionConfigurationPlatforms) = preSolution
		Debug|x64 = Debug|x64
		Debug|x86 = Debug|x86
		Hybrid|x64 = Hybrid|x64
		Hybrid|x86 = Hybrid|x86
		Release|x64 = Release|x64
		Release|x86 = Release|x86
	EndGlobalSection
	GlobalSection(ProjectConfigurationPlatforms) = postSolution
		{86DA085A-A5EF-4BB2-B5DD-D1B0DBDF8D31}.Debug|x64.ActiveCfg = Debug|x64
		{86DA085A-A5EF-4BB2-B5DD-D1B0DBDF8D31}.Debug|x64.Build.0 = Debug|x64
		{86DA085A-A5EF-4BB2-B5DD-D1B0DBDF8D31}.Debug|x86.ActiveCfg = Debug|Win32
		{86DA085A-A5EF-4BB2-B5DD-D1B0DBDF8D31}.Debug|x86.Build.0 = Debug|Win32
		{86DA085A-A5EF-4BB2-B5DD-D1B0DBDF8D31}.Hybrid|x64.ActiveCfg = Hybrid|x64
		{86DA085A-A5EF-4BB2-B5DD-D1B0DBDF8D31}.Hybrid|x64.Build.0 = Hybrid|x64
		{86DA085A-A5EF-4BB2-B5DD-D1B0DBDF8D31}.Hybrid|x86.ActiveCfg = Hybrid|Win32
		{86DA085A-A5EF-4BB2-B5DD-D1B0DBDF8D31}.Hybrid|x86.Build.0 = Hybrid|Win32
		{86DA085A-A5EF-4BB2-B5DD-D1B0DBDF8D31}.Release|x64.ActiveCfg = Release|x64
		{86DA085A-A5EF-4BB2-B5DD-D1B0DBDF8D31}.Release|x64.Build.0 = Release|x64
		{86DA085A-A5EF-4BB2-B5DD-D1B0DBDF8D31}.Release|x86.ActiveCfg = Release|Win32
		{86DA085A-A5EF-4BB2-B5DD-D1B0DBDF8D31}.Release|x86.Build.0 = Release|Win32
		{1E9DB1ED-72DB-422A-A0F0-59640295CA2D}.Debug|x64.ActiveCfg = Debug|x64
		{1E9DB1ED-72DB-422A-A0F0-59640295CA2D}.Debug|x64.Build.0 = Debug|x64
		{1E9DB1ED-72DB-422A-A0F0-59640295CA2D}.Debug|x86.ActiveCfg = Debug|Win32
		{1E9DB1ED-72DB-422A-A0F0-59640295CA2D}.Debug|x86.Build.0 = Debug|Win32
		{1E9DB1ED-72DB-422A-A0F0-59640295CA2D}.Hybrid|x64.ActiveCfg = Hybrid|x64
		{1E9DB1ED-72DB-422A-A0F0-59640295CA2D}.Hybrid|x64.Build.0 = Hybrid|x64
		{1E9DB1ED-72DB-422A-A0F0-59640295CA2D}.Hybrid|x86.ActiveCfg = Hybrid|Win32
		{1E9DB1ED-72DB-422A-A0F0-59640295CA2D}.Hybrid|x86.Build.0 = Hybrid|Win32
		{1E9DB1ED-72DB-422A-A0F0-59640295CA2D}.Release|x64.ActiveCfg = Release|x64
		{1E9DB1ED-72DB-422A-A0F0-59640295CA2D}.Release|x64.Build.0 = Release|x64
		{1E9DB1ED-72DB-422A-A0F0-59640295CA2D}.Release|x86.ActiveCfg = Release|Win32
		{1E9DB1ED-72DB-422A-A0F0-59640295CA2D}.Release|x86.Build.0 = Release|Win32
	EndGlobalSection
	GlobalSection(SolutionProperties) = preSolution
		HideSolutionNode = FALSE
	EndGlobalSection
	GlobalSection(ExtensibilityGlobals) = postSolution
		SolutionGuid = {9ED911C6-D4BE-48BA-B30C-92E646B519E6}
	EndGlobalSection
EndGlobal
