
Microsoft Visual Studio Solution File, Format Version 12.00
# Visual Studio Version 17
VisualStudioVersion = 17.4.33213.308
MinimumVisualStudioVersion = 10.0.40219.1
Project("{2150E333-8FDC-42A3-9474-1A3956D46DE8}") = "Solution Items", "Solution Items", "{6F2B3A9E-7767-442C-8EE5-96F44CF4708D}"
	ProjectSection(SolutionItems) = preProject
		global\version.h = global\version.h
	EndProjectSection
EndProject
Project("{8BC9CEB8-8B4A-11D0-8D11-00A0C91BC942}") = "SAS_IL2ExecutableSelector", "SAS_IL2ExecutableSelector\SAS_IL2ExecutableSelector.vcxproj", "{2A802654-0633-41D4-903F-0D4ED3E59981}"
EndProject
Project("{8BC9CEB8-8B4A-11D0-8D11-00A0C91BC942}") = "DINPUT", "dinput\dinput.vcxproj", "{F41599A1-FD0D-4670-A97B-FDB97BFCFA5C}"
EndProject
Project("{8BC9CEB8-8B4A-11D0-8D11-00A0C91BC942}") = "Il-2 Selector Launcher", "Il-2 Selector Launcher\Il-2 Selector Launcher.vcxproj", "{0D82EC7C-74AC-4CD3-BC13-143EC5CECC1F}"
EndProject
Project("{8BC9CEB8-8B4A-11D0-8D11-00A0C91BC942}") = "SAS IL-2 Wrapper", "SAS IL-2 Wrapper\SAS IL-2 Wrapper.vcxproj", "{20B2D485-DCD9-4C59-9724-DFC4F8AF68BE}"
EndProject
Project("{8BC9CEB8-8B4A-11D0-8D11-00A0C91BC942}") = "SAS IL-2 Watchdog", "SAS IL-2 Watchdog\SAS IL-2 Watchdog.vcxproj", "{6B04FBC3-9F0D-49DC-BAB3-0BD0445709CC}"
EndProject
Project("{8BC9CEB8-8B4A-11D0-8D11-00A0C91BC942}") = "il2fb.exe Server Placeholder", "il2fb.exe Placeholder\il2fb.exe Placeholder.vcxproj", "{C7E77F7E-C699-4997-88BC-21053DBF0D6D}"
EndProject
Project("{8BC9CEB8-8B4A-11D0-8D11-00A0C91BC942}") = "PipeLogger", "PipeLogger\PipeLogger.vcxproj", "{0170545E-BE45-44DD-A95A-F4F0B79C6200}"
EndProject
Project("{8BC9CEB8-8B4A-11D0-8D11-00A0C91BC942}") = "FileCrypter", "FileCrypter\FileCrypter.vcxproj", "{BF473175-C955-4ADE-A823-E71C28496F05}"
EndProject
Project("{8BC9CEB8-8B4A-11D0-8D11-00A0C91BC942}") = "SAS IL-2 Wrapper 415", "SAS IL-2 Wrapper\SAS IL-2 Wrapper 415.vcxproj", "{3FF18734-EAA8-4648-B5B2-2DC61E1897C9}"
EndProject
Global
	GlobalSection(SolutionConfigurationPlatforms) = preSolution
		Debug|Win32 = Debug|Win32
		Debug|x64 = Debug|x64
		Release|Win32 = Release|Win32
		Release|x64 = Release|x64
	EndGlobalSection
	GlobalSection(ProjectConfigurationPlatforms) = postSolution
		{2A802654-0633-41D4-903F-0D4ED3E59981}.Debug|Win32.ActiveCfg = Debug|Win32
		{2A802654-0633-41D4-903F-0D4ED3E59981}.Debug|Win32.Build.0 = Debug|Win32
		{2A802654-0633-41D4-903F-0D4ED3E59981}.Debug|x64.ActiveCfg = Debug|Win32
		{2A802654-0633-41D4-903F-0D4ED3E59981}.Release|Win32.ActiveCfg = Release|Win32
		{2A802654-0633-41D4-903F-0D4ED3E59981}.Release|Win32.Build.0 = Release|Win32
		{2A802654-0633-41D4-903F-0D4ED3E59981}.Release|x64.ActiveCfg = Release|Win32
		{F41599A1-FD0D-4670-A97B-FDB97BFCFA5C}.Debug|Win32.ActiveCfg = Debug|Win32
		{F41599A1-FD0D-4670-A97B-FDB97BFCFA5C}.Debug|Win32.Build.0 = Debug|Win32
		{F41599A1-FD0D-4670-A97B-FDB97BFCFA5C}.Debug|x64.ActiveCfg = Debug|Win32
		{F41599A1-FD0D-4670-A97B-FDB97BFCFA5C}.Release|Win32.ActiveCfg = Release|Win32
		{F41599A1-FD0D-4670-A97B-FDB97BFCFA5C}.Release|Win32.Build.0 = Release|Win32
		{F41599A1-FD0D-4670-A97B-FDB97BFCFA5C}.Release|x64.ActiveCfg = Release|Win32
		{0D82EC7C-74AC-4CD3-BC13-143EC5CECC1F}.Debug|Win32.ActiveCfg = Debug|Win32
		{0D82EC7C-74AC-4CD3-BC13-143EC5CECC1F}.Debug|Win32.Build.0 = Debug|Win32
		{0D82EC7C-74AC-4CD3-BC13-143EC5CECC1F}.Debug|x64.ActiveCfg = Debug|Win32
		{0D82EC7C-74AC-4CD3-BC13-143EC5CECC1F}.Release|Win32.ActiveCfg = Release|Win32
		{0D82EC7C-74AC-4CD3-BC13-143EC5CECC1F}.Release|Win32.Build.0 = Release|Win32
		{0D82EC7C-74AC-4CD3-BC13-143EC5CECC1F}.Release|x64.ActiveCfg = Release|Win32
		{20B2D485-DCD9-4C59-9724-DFC4F8AF68BE}.Debug|Win32.ActiveCfg = Debug|Win32
		{20B2D485-DCD9-4C59-9724-DFC4F8AF68BE}.Debug|Win32.Build.0 = Debug|Win32
		{20B2D485-DCD9-4C59-9724-DFC4F8AF68BE}.Debug|x64.ActiveCfg = Debug|Win32
		{20B2D485-DCD9-4C59-9724-DFC4F8AF68BE}.Release|Win32.ActiveCfg = Release|Win32
		{20B2D485-DCD9-4C59-9724-DFC4F8AF68BE}.Release|Win32.Build.0 = Release|Win32
		{20B2D485-DCD9-4C59-9724-DFC4F8AF68BE}.Release|x64.ActiveCfg = Release|Win32
		{6B04FBC3-9F0D-49DC-BAB3-0BD0445709CC}.Debug|Win32.ActiveCfg = Debug|Win32
		{6B04FBC3-9F0D-49DC-BAB3-0BD0445709CC}.Debug|Win32.Build.0 = Debug|Win32
		{6B04FBC3-9F0D-49DC-BAB3-0BD0445709CC}.Debug|x64.ActiveCfg = Debug|Win32
		{6B04FBC3-9F0D-49DC-BAB3-0BD0445709CC}.Release|Win32.ActiveCfg = Release|Win32
		{6B04FBC3-9F0D-49DC-BAB3-0BD0445709CC}.Release|Win32.Build.0 = Release|Win32
		{6B04FBC3-9F0D-49DC-BAB3-0BD0445709CC}.Release|x64.ActiveCfg = Release|Win32
		{C7E77F7E-C699-4997-88BC-21053DBF0D6D}.Debug|Win32.ActiveCfg = Debug|Win32
		{C7E77F7E-C699-4997-88BC-21053DBF0D6D}.Debug|Win32.Build.0 = Debug|Win32
		{C7E77F7E-C699-4997-88BC-21053DBF0D6D}.Debug|x64.ActiveCfg = Debug|Win32
		{C7E77F7E-C699-4997-88BC-21053DBF0D6D}.Release|Win32.ActiveCfg = Release|Win32
		{C7E77F7E-C699-4997-88BC-21053DBF0D6D}.Release|Win32.Build.0 = Release|Win32
		{C7E77F7E-C699-4997-88BC-21053DBF0D6D}.Release|x64.ActiveCfg = Release|Win32
		{0170545E-BE45-44DD-A95A-F4F0B79C6200}.Debug|Win32.ActiveCfg = Debug|Win32
		{0170545E-BE45-44DD-A95A-F4F0B79C6200}.Debug|Win32.Build.0 = Debug|Win32
		{0170545E-BE45-44DD-A95A-F4F0B79C6200}.Debug|x64.ActiveCfg = Debug|x64
		{0170545E-BE45-44DD-A95A-F4F0B79C6200}.Debug|x64.Build.0 = Debug|x64
		{0170545E-BE45-44DD-A95A-F4F0B79C6200}.Release|Win32.ActiveCfg = Release|Win32
		{0170545E-BE45-44DD-A95A-F4F0B79C6200}.Release|Win32.Build.0 = Release|Win32
		{0170545E-BE45-44DD-A95A-F4F0B79C6200}.Release|x64.ActiveCfg = Release|x64
		{0170545E-BE45-44DD-A95A-F4F0B79C6200}.Release|x64.Build.0 = Release|x64
		{BF473175-C955-4ADE-A823-E71C28496F05}.Debug|Win32.ActiveCfg = Debug|Win32
		{BF473175-C955-4ADE-A823-E71C28496F05}.Debug|Win32.Build.0 = Debug|Win32
		{BF473175-C955-4ADE-A823-E71C28496F05}.Debug|x64.ActiveCfg = Debug|x64
		{BF473175-C955-4ADE-A823-E71C28496F05}.Debug|x64.Build.0 = Debug|x64
		{BF473175-C955-4ADE-A823-E71C28496F05}.Release|Win32.ActiveCfg = Release|Win32
		{BF473175-C955-4ADE-A823-E71C28496F05}.Release|Win32.Build.0 = Release|Win32
		{BF473175-C955-4ADE-A823-E71C28496F05}.Release|x64.ActiveCfg = Release|x64
		{BF473175-C955-4ADE-A823-E71C28496F05}.Release|x64.Build.0 = Release|x64
		{3FF18734-EAA8-4648-B5B2-2DC61E1897C9}.Debug|Win32.ActiveCfg = Debug|Win32
		{3FF18734-EAA8-4648-B5B2-2DC61E1897C9}.Debug|Win32.Build.0 = Debug|Win32
		{3FF18734-EAA8-4648-B5B2-2DC61E1897C9}.Debug|x64.ActiveCfg = Debug|Win32
		{3FF18734-EAA8-4648-B5B2-2DC61E1897C9}.Debug|x64.Build.0 = Debug|Win32
		{3FF18734-EAA8-4648-B5B2-2DC61E1897C9}.Release|Win32.ActiveCfg = Release|Win32
		{3FF18734-EAA8-4648-B5B2-2DC61E1897C9}.Release|Win32.Build.0 = Release|Win32
		{3FF18734-EAA8-4648-B5B2-2DC61E1897C9}.Release|x64.ActiveCfg = Release|Win32
		{3FF18734-EAA8-4648-B5B2-2DC61E1897C9}.Release|x64.Build.0 = Release|Win32
	EndGlobalSection
	GlobalSection(SolutionProperties) = preSolution
		HideSolutionNode = FALSE
	EndGlobalSection
	GlobalSection(ExtensibilityGlobals) = postSolution
		VisualSVNWorkingCopyRoot = .
		SolutionGuid = {AFDEAC90-9116-4BEF-9A55-1FC2C4089967}
	EndGlobalSection
	GlobalSection(SubversionScc) = preSolution
		Svn-Managed = True
		Manager = AnkhSVN - Subversion Support for Visual Studio
	EndGlobalSection
EndGlobal
