
Microsoft Visual Studio Solution File, Format Version 10.00
# Visual Studio 2008
Project("{FAE04EC0-301F-11D3-BF4B-00C04F79EFBC}") = "3doShrinker", "3doShrinker\3doShrinker.csproj", "{8D21D5FF-89D0-4037-981F-369068704D32}"
EndProject
Global
	GlobalSection(SubversionScc) = preSolution
		Svn-Managed = True
		Manager = AnkhSVN - Subversion Support for Visual Studio
	EndGlobalSection
	GlobalSection(SolutionConfigurationPlatforms) = preSolution
		Debug|Any CPU = Debug|Any CPU
		Release|Any CPU = Release|Any CPU
	EndGlobalSection
	GlobalSection(ProjectConfigurationPlatforms) = postSolution
		{8D21D5FF-89D0-4037-981F-369068704D32}.Debug|Any CPU.ActiveCfg = Debug|Any CPU
		{8D21D5FF-89D0-4037-981F-369068704D32}.Debug|Any CPU.Build.0 = Debug|Any CPU
		{8D21D5FF-89D0-4037-981F-369068704D32}.Release|Any CPU.ActiveCfg = Release|Any CPU
		{8D21D5FF-89D0-4037-981F-369068704D32}.Release|Any CPU.Build.0 = Release|Any CPU
	EndGlobalSection
	GlobalSection(SolutionProperties) = preSolution
		HideSolutionNode = FALSE
	EndGlobalSection
EndGlobal
