
Microsoft Visual Studio Solution File, Format Version 12.00
# Visual Studio 15
VisualStudioVersion = 15.0.27428.2037
MinimumVisualStudioVersion = 10.0.40219.1
Project("{FAE04EC0-301F-11D3-BF4B-00C04F79EFBC}") = "Manifest Generator", "Manifest Generator\Manifest Generator.csproj", "{797047BB-CC1F-46A4-B66C-BA4198BF24D0}"
EndProject
Project("{FAE04EC0-301F-11D3-BF4B-00C04F79EFBC}") = "Up3 Updater", "Up3 Updater\Up3 Updater.csproj", "{F2DF3F5A-0695-4D67-9950-D59D88BF7245}"
EndProject
Global
	GlobalSection(SubversionScc) = preSolution
		Svn-Managed = True
		Manager = AnkhSVN - Subversion Support for Visual Studio
	EndGlobalSection
	GlobalSection(SolutionConfigurationPlatforms) = preSolution
		Debug|Any CPU = Debug|Any CPU
		Release|Any CPU = Release|Any CPU
	EndGlobalSection
	GlobalSection(ProjectConfigurationPlatforms) = postSolution
		{797047BB-CC1F-46A4-B66C-BA4198BF24D0}.Debug|Any CPU.ActiveCfg = Debug|Any CPU
		{797047BB-CC1F-46A4-B66C-BA4198BF24D0}.Debug|Any CPU.Build.0 = Debug|Any CPU
		{797047BB-CC1F-46A4-B66C-BA4198BF24D0}.Release|Any CPU.ActiveCfg = Release|Any CPU
		{797047BB-CC1F-46A4-B66C-BA4198BF24D0}.Release|Any CPU.Build.0 = Release|Any CPU
		{F2DF3F5A-0695-4D67-9950-D59D88BF7245}.Debug|Any CPU.ActiveCfg = Debug|Any CPU
		{F2DF3F5A-0695-4D67-9950-D59D88BF7245}.Debug|Any CPU.Build.0 = Debug|Any CPU
		{F2DF3F5A-0695-4D67-9950-D59D88BF7245}.Release|Any CPU.ActiveCfg = Release|Any CPU
		{F2DF3F5A-0695-4D67-9950-D59D88BF7245}.Release|Any CPU.Build.0 = Release|Any CPU
	EndGlobalSection
	GlobalSection(SolutionProperties) = preSolution
		HideSolutionNode = FALSE
	EndGlobalSection
	GlobalSection(ExtensibilityGlobals) = postSolution
		SolutionGuid = {4EF71D01-00C3-49F9-9D7B-2587EF3F7288}
	EndGlobalSection
EndGlobal
