
Microsoft Visual Studio Solution File, Format Version 12.00
# Visual Studio 15
VisualStudioVersion = 15.0.28010.2016
MinimumVisualStudioVersion = 10.0.40219.1
Project("{FAE04EC0-301F-11D3-BF4B-00C04F79EFBC}") = "FUMS", "FUMS\FUMS.csproj", "{6CE0D242-4F85-4E25-AD85-B3D75D960087}"
EndProject
Global
	GlobalSection(SubversionScc) = preSolution
		Svn-Managed = True
		Manager = AnkhSVN - Subversion Support for Visual Studio
	EndGlobalSection
	GlobalSection(SolutionConfigurationPlatforms) = preSolution
		Debug|Any CPU = Debug|Any CPU
		Release|Any CPU = Release|Any CPU
	EndGlobalSection
	GlobalSection(ProjectConfigurationPlatforms) = postSolution
		{6CE0D242-4F85-4E25-AD85-B3D75D960087}.Debug|Any CPU.ActiveCfg = Debug|Any CPU
		{6CE0D242-4F85-4E25-AD85-B3D75D960087}.Debug|Any CPU.Build.0 = Debug|Any CPU
		{6CE0D242-4F85-4E25-AD85-B3D75D960087}.Release|Any CPU.ActiveCfg = Release|Any CPU
		{6CE0D242-4F85-4E25-AD85-B3D75D960087}.Release|Any CPU.Build.0 = Release|Any CPU
	EndGlobalSection
	GlobalSection(SolutionProperties) = preSolution
		HideSolutionNode = FALSE
	EndGlobalSection
	GlobalSection(ExtensibilityGlobals) = postSolution
		SolutionGuid = {19F0191E-105C-4CD5-B92A-7B36B581ED96}
	EndGlobalSection
EndGlobal
